
Microsoft Visual Studio Solution File, Format Version 12.00
# Visual Studio Version 16
VisualStudioVersion = 16.0.29123.88
MinimumVisualStudioVersion = 10.0.40219.1
Project("{2150E333-8FDC-42A3-9474-1A3956D46DE8}") = "Infrastructure.Data", "Infrastructure.Data", "{24C46920-F1FA-4799-B94F-3B30E339B435}"
EndProject
Project("{2150E333-8FDC-42A3-9474-1A3956D46DE8}") = "Domain", "Domain", "{3CB56E30-FDA3-4B16-81FF-B85C4B77B45B}"
EndProject
Project("{2150E333-8FDC-42A3-9474-1A3956D46DE8}") = "Infrastructure.IoC", "Infrastructure.IoC", "{A0749573-7810-4796-8EDE-2C0F98469376}"
EndProject
Project("{2150E333-8FDC-42A3-9474-1A3956D46DE8}") = "Presentation", "Presentation", "{679E9486-491B-4F94-8897-D2290B721B06}"
EndProject
Project("{2150E333-8FDC-42A3-9474-1A3956D46DE8}") = "Application", "Application", "{F67F34FA-BEA9-41CC-8E00-CD350371711A}"
EndProject
Project("{9A19103F-16F7-4668-BE54-9A1E7A4F7556}") = "Onion.MVC", "Onion.MVC\Onion.MVC.csproj", "{783D3F52-F4C8-4CF2-A22F-D66AEF82FCDD}"
EndProject
Project("{FAE04EC0-301F-11D3-BF4B-00C04F79EFBC}") = "Onion.Domain", "Onion.Domain\Onion.Domain.csproj", "{72BF2C02-3C9F-4F98-BC5A-29A1A7A4361C}"
EndProject
Project("{FAE04EC0-301F-11D3-BF4B-00C04F79EFBC}") = "Onion.Infrastructure.Data", "Onion.Infrastructure.Data\Onion.Infrastructure.Data.csproj", "{B78A70C4-EA7C-491F-8F6E-8748EEE7856D}"
EndProject
Project("{FAE04EC0-301F-11D3-BF4B-00C04F79EFBC}") = "Onion.Application", "Onion.Application\Onion.Application.csproj", "{2AD5ED0C-A1C8-4940-90C2-A12824090B54}"
EndProject
Project("{FAE04EC0-301F-11D3-BF4B-00C04F79EFBC}") = "Onion.Infrastructure.IoC", "Onion.Infrastructure.IoC\Onion.Infrastructure.IoC.csproj", "{C7C60AE3-F904-4355-8B4F-46A3E5E2ADF7}"
EndProject
Global
	GlobalSection(SolutionConfigurationPlatforms) = preSolution
		Debug|Any CPU = Debug|Any CPU
		Release|Any CPU = Release|Any CPU
	EndGlobalSection
	GlobalSection(ProjectConfigurationPlatforms) = postSolution
		{783D3F52-F4C8-4CF2-A22F-D66AEF82FCDD}.Debug|Any CPU.ActiveCfg = Debug|Any CPU
		{783D3F52-F4C8-4CF2-A22F-D66AEF82FCDD}.Debug|Any CPU.Build.0 = Debug|Any CPU
		{783D3F52-F4C8-4CF2-A22F-D66AEF82FCDD}.Release|Any CPU.ActiveCfg = Release|Any CPU
		{783D3F52-F4C8-4CF2-A22F-D66AEF82FCDD}.Release|Any CPU.Build.0 = Release|Any CPU
		{72BF2C02-3C9F-4F98-BC5A-29A1A7A4361C}.Debug|Any CPU.ActiveCfg = Debug|Any CPU
		{72BF2C02-3C9F-4F98-BC5A-29A1A7A4361C}.Debug|Any CPU.Build.0 = Debug|Any CPU
		{72BF2C02-3C9F-4F98-BC5A-29A1A7A4361C}.Release|Any CPU.ActiveCfg = Release|Any CPU
		{72BF2C02-3C9F-4F98-BC5A-29A1A7A4361C}.Release|Any CPU.Build.0 = Release|Any CPU
		{B78A70C4-EA7C-491F-8F6E-8748EEE7856D}.Debug|Any CPU.ActiveCfg = Debug|Any CPU
		{B78A70C4-EA7C-491F-8F6E-8748EEE7856D}.Debug|Any CPU.Build.0 = Debug|Any CPU
		{B78A70C4-EA7C-491F-8F6E-8748EEE7856D}.Release|Any CPU.ActiveCfg = Release|Any CPU
		{B78A70C4-EA7C-491F-8F6E-8748EEE7856D}.Release|Any CPU.Build.0 = Release|Any CPU
		{2AD5ED0C-A1C8-4940-90C2-A12824090B54}.Debug|Any CPU.ActiveCfg = Debug|Any CPU
		{2AD5ED0C-A1C8-4940-90C2-A12824090B54}.Debug|Any CPU.Build.0 = Debug|Any CPU
		{2AD5ED0C-A1C8-4940-90C2-A12824090B54}.Release|Any CPU.ActiveCfg = Release|Any CPU
		{2AD5ED0C-A1C8-4940-90C2-A12824090B54}.Release|Any CPU.Build.0 = Release|Any CPU
		{C7C60AE3-F904-4355-8B4F-46A3E5E2ADF7}.Debug|Any CPU.ActiveCfg = Debug|Any CPU
		{C7C60AE3-F904-4355-8B4F-46A3E5E2ADF7}.Debug|Any CPU.Build.0 = Debug|Any CPU
		{C7C60AE3-F904-4355-8B4F-46A3E5E2ADF7}.Release|Any CPU.ActiveCfg = Release|Any CPU
		{C7C60AE3-F904-4355-8B4F-46A3E5E2ADF7}.Release|Any CPU.Build.0 = Release|Any CPU
	EndGlobalSection
	GlobalSection(SolutionProperties) = preSolution
		HideSolutionNode = FALSE
	EndGlobalSection
	GlobalSection(NestedProjects) = preSolution
		{783D3F52-F4C8-4CF2-A22F-D66AEF82FCDD} = {679E9486-491B-4F94-8897-D2290B721B06}
		{72BF2C02-3C9F-4F98-BC5A-29A1A7A4361C} = {3CB56E30-FDA3-4B16-81FF-B85C4B77B45B}
		{B78A70C4-EA7C-491F-8F6E-8748EEE7856D} = {24C46920-F1FA-4799-B94F-3B30E339B435}
		{2AD5ED0C-A1C8-4940-90C2-A12824090B54} = {F67F34FA-BEA9-41CC-8E00-CD350371711A}
		{C7C60AE3-F904-4355-8B4F-46A3E5E2ADF7} = {A0749573-7810-4796-8EDE-2C0F98469376}
	EndGlobalSection
	GlobalSection(ExtensibilityGlobals) = postSolution
		SolutionGuid = {307E6D28-1E0A-419A-880B-8602D7F434F1}
	EndGlobalSection
EndGlobal
